/home/adam2392/hdd/figures/fragility_maps/common_avg/ieeg/clevelandnl/nl19_sz_3pg_heatmap.png
/home/adam2392/hdd/figures/fragility_maps/common_avg/ieeg/clevelandnl/nl19_sz_1p_heatmap.png
/home/adam2392/hdd/figures/fragility_maps/common_avg/ieeg/clevelandnl/nl19_ii_heatmap.png
/home/adam2392/hdd/figures/fragility_maps/common_avg/ieeg/clevelandnl/nl19_sz_2p_heatmap.png
/home/adam2392/hdd/figures/fragility_maps/common_avg/ieeg/clevelandnl/nl11_sz_1p_heatmap.png
/home/adam2392/hdd/figures/fragility_maps/common_avg/ieeg/clevelandnl/nl11_sz_3p_heatmap.png
/home/adam2392/hdd/figures/fragility_maps/common_avg/ieeg/clevelandnl/nl11_ii_heatmap.png
/home/adam2392/hdd/figures/fragility_maps/common_avg/ieeg/clevelandnl/nl11_sz_6p_heatmap.png
/home/adam2392/hdd/figures/fragility_maps/common_avg/ieeg/clevelandnl/nl13_sz_4p_heatmap.png
/home/adam2392/hdd/figures/fragility_maps/common_avg/ieeg/clevelandnl/nl13_sz_2p_heatmap.png
/home/adam2392/hdd/figures/fragility_maps/common_avg/ieeg/clevelandnl/nl13_sz_7p_heatmap.png
/home/adam2392/hdd/figures/fragility_maps/common_avg/ieeg/clevelandnl/nl13_ncs_heatmap.png
/home/adam2392/hdd/figures/fragility_maps/common_avg/ieeg/clevelandnl/nl13_ii_heatmap.png
/home/adam2392/hdd/figures/fragility_maps/common_avg/ieeg/clevelandnl/nl18_sz_2pg_heatmap.png
/home/adam2392/hdd/figures/fragility_maps/common_avg/ieeg/clevelandnl/nl18_ii_heatmap.png
/home/adam2392/hdd/figures/fragility_maps/common_avg/ieeg/clevelandnl/nl18_sz_1a_heatmap.png
/home/adam2392/hdd/figures/fragility_maps/common_avg/ieeg/clevelandnl/nl06_sz_3p-4p_heatmap.png
/home/adam2392/hdd/figures/fragility_maps/common_avg/ieeg/clevelandnl/nl06_sz_5a_heatmap.png
/home/adam2392/hdd/figures/fragility_maps/common_avg/ieeg/clevelandnl/nl06_sz_1pg_heatmap.png
/home/adam2392/hdd/figures/fragility_maps/common_avg/ieeg/clevelandnl/nl06_ii_heatmap.png
/home/adam2392/hdd/figures/fragility_maps/common_avg/ieeg/clevelandnl/nl14_sz_2p_heatmap.png
/home/adam2392/hdd/figures/fragility_maps/common_avg/ieeg/clevelandnl/nl14_sz_3p_heatmap.png
/home/adam2392/hdd/figures/fragility_maps/common_avg/ieeg/clevelandnl/nl14_sz_1p_heatmap.png
/home/adam2392/hdd/figures/fragility_maps/common_avg/ieeg/clevelandnl/nl14_sz_14p_heatmap.png
/home/adam2392/hdd/figures/fragility_maps/common_avg/ieeg/clevelandnl/nl14_ii_heatmap.png
/home/adam2392/hdd/figures/fragility_maps/common_avg/ieeg/clevelandnl/nl14_sz_15p_heatmap.png
/home/adam2392/hdd/figures/fragility_maps/common_avg/ieeg/clevelandnl/nl14_sz_13p_heatmap.png
/home/adam2392/hdd/figures/fragility_maps/common_avg/ieeg/clevelandnl/nl22_sz_4p,_5p_heatmap.png
/home/adam2392/hdd/figures/fragility_maps/common_avg/ieeg/clevelandnl/nl22_sz_2p_heatmap.png
/home/adam2392/hdd/figures/fragility_maps/common_avg/ieeg/clevelandnl/nl22_sz_22p_heatmap.png
/home/adam2392/hdd/figures/fragility_maps/common_avg/ieeg/clevelandnl/nl22_sz_3p_heatmap.png
/home/adam2392/hdd/figures/fragility_maps/common_avg/ieeg/clevelandnl/nl22_sz_10p_heatmap.png
/home/adam2392/hdd/figures/fragility_maps/common_avg/ieeg/clevelandnl/nl22_sz_6p_heatmap.png
/home/adam2392/hdd/figures/fragility_maps/common_avg/ieeg/clevelandnl/nl22_sz_1p_heatmap.png
/home/adam2392/hdd/figures/fragility_maps/common_avg/ieeg/clevelandnl/nl12_sz_22p_heatmap.png
/home/adam2392/hdd/figures/fragility_maps/common_avg/ieeg/clevelandnl/nl12_sz_6p_heatmap.png
/home/adam2392/hdd/figures/fragility_maps/common_avg/ieeg/clevelandnl/nl12_sz_3p_heatmap.png
/home/adam2392/hdd/figures/fragility_maps/common_avg/ieeg/clevelandnl/nl12_sz_20p_heatmap.png
/home/adam2392/hdd/figures/fragility_maps/common_avg/ieeg/clevelandnl/nl12_ii_heatmap.png
/home/adam2392/hdd/figures/fragility_maps/common_avg/ieeg/clevelandnl/nl12_sz_9p_heatmap.png
/home/adam2392/hdd/figures/fragility_maps/common_avg/ieeg/clevelandnl/nl12_sz_31p_heatmap.png
/home/adam2392/hdd/figures/fragility_maps/common_avg/ieeg/clevelandnl/nl17_sz_10p_heatmap.png
/home/adam2392/hdd/figures/fragility_maps/common_avg/ieeg/clevelandnl/nl17_sz_8p_heatmap.png
/home/adam2392/hdd/figures/fragility_maps/common_avg/ieeg/clevelandnl/nl17_sz_12p_heatmap.png
/home/adam2392/hdd/figures/fragility_maps/common_avg/ieeg/clevelandnl/nl17_sz_14p_heatmap.png
/home/adam2392/hdd/figures/fragility_maps/common_avg/ieeg/clevelandnl/nl17_sz_15p_clus_heatmap.png
/home/adam2392/hdd/figures/fragility_maps/common_avg/ieeg/clevelandnl/nl16_ii_heatmap.png
/home/adam2392/hdd/figures/fragility_maps/common_avg/ieeg/clevelandnl/nl16_sz_4p_heatmap.png
/home/adam2392/hdd/figures/fragility_maps/common_avg/ieeg/clevelandnl/nl16_sz_5p_heatmap.png
/home/adam2392/hdd/figures/fragility_maps/common_avg/ieeg/clevelandnl/nl16_sz_1p_heatmap.png
/home/adam2392/hdd/figures/fragility_maps/common_avg/ieeg/clevelandnl/nl23_sz_5p_heatmap.png
/home/adam2392/hdd/figures/fragility_maps/common_avg/ieeg/clevelandnl/nl23_sz_1pg_heatmap.png
/home/adam2392/hdd/figures/fragility_maps/common_avg/ieeg/clevelandnl/nl23_sz_8p_heatmap.png
/home/adam2392/hdd/figures/fragility_maps/common_avg/ieeg/clevelandnl/nl23_sz_7p_heatmap.png
/home/adam2392/hdd/figures/fragility_maps/common_avg/ieeg/clevelandnl/nl23_sz_3p_heatmap.png
/home/adam2392/hdd/figures/fragility_maps/common_avg/ieeg/clevelandnl/nl23_sz_2pg_heatmap.png
/home/adam2392/hdd/figures/fragility_maps/common_avg/ieeg/clevelandnl/nl23_sz_9a_heatmap.png
/home/adam2392/hdd/figures/fragility_maps/common_avg/ieeg/clevelandnl/nl23_sz_6p_heatmap.png
/home/adam2392/hdd/figures/fragility_maps/common_avg/ieeg/clevelandnl/nl23_sz_4p_heatmap.png
/home/adam2392/hdd/figures/fragility_maps/common_avg/ieeg/clevelandnl/nl15_ii_heatmap.png
/home/adam2392/hdd/figures/fragility_maps/common_avg/ieeg/clevelandnl/nl15_sz_5p_heatmap.png
/home/adam2392/hdd/figures/fragility_maps/common_avg/ieeg/clevelandnl/nl15_sz_25e_heatmap.png
/home/adam2392/hdd/figures/fragility_maps/common_avg/ieeg/clevelandnl/nl15_sz_13p_heatmap.png
/home/adam2392/hdd/figures/fragility_maps/common_avg/ieeg/clevelandnl/nl21_sz_1p_heatmap.png
/home/adam2392/hdd/figures/fragility_maps/common_avg/ieeg/clevelandnl/nl21_sz_3p_heatmap.png
/home/adam2392/hdd/figures/fragility_maps/common_avg/ieeg/clevelandnl/nl21_sz_8p_heatmap.png
/home/adam2392/hdd/figures/fragility_maps/common_avg/ieeg/clevelandnl/nl21_sz_7p_heatmap.png
/home/adam2392/hdd/figures/fragility_maps/common_avg/ieeg/clevelandnl/nl21_sz_4p_heatmap.png
/home/adam2392/hdd/figures/fragility_maps/common_avg/ieeg/clevelandnl/nl21_sz_2p_heatmap.png
/home/adam2392/hdd/figures/fragility_maps/common_avg/ieeg/clevelandnl/nl21_sz_11p_heatmap.png
/home/adam2392/hdd/figures/fragility_maps/common_avg/ieeg/clevelandnl/nl21_sz_5p_heatmap.png
/home/adam2392/hdd/figures/fragility_maps/common_avg/ieeg/clevelandnl/nl21_sz_9p_heatmap.png
/home/adam2392/hdd/figures/fragility_maps/common_avg/ieeg/clevelandnl/nl21_sz_10p_heatmap.png
/home/adam2392/hdd/figures/fragility_maps/common_avg/ieeg/clevelandnl/nl02_sz_8pg_heatmap.png
/home/adam2392/hdd/figures/fragility_maps/common_avg/ieeg/clevelandnl/nl02_ii_asleep_heatmap.png
/home/adam2392/hdd/figures/fragility_maps/common_avg/ieeg/clevelandnl/nl02_sz_4p_heatmap.png
/home/adam2392/hdd/figures/fragility_maps/common_avg/ieeg/clevelandnl/nl02_sz_2p_heatmap.png
/home/adam2392/hdd/figures/fragility_maps/common_avg/ieeg/clevelandnl/nl10_sz_15e_heatmap.png
/home/adam2392/hdd/figures/fragility_maps/common_avg/ieeg/clevelandnl/nl10_sz_2a_heatmap.png
/home/adam2392/hdd/figures/fragility_maps/common_avg/ieeg/clevelandnl/nl10_sz_6p_heatmap.png
/home/adam2392/hdd/figures/fragility_maps/common_avg/ieeg/clevelandnl/nl05_ii_heatmap.png
/home/adam2392/hdd/figures/fragility_maps/common_avg/ieeg/clevelandnl/nl05_sz_12pg_heatmap.png
/home/adam2392/hdd/figures/fragility_maps/common_avg/ieeg/clevelandnl/nl05_sz_13p_heatmap.png
/home/adam2392/hdd/figures/fragility_maps/common_avg/ieeg/clevelandnl/nl05_sz_4a_heatmap.png
/home/adam2392/hdd/figures/fragility_maps/common_avg/ieeg/clevelandnl/nl08_sz_2p_heatmap.png
/home/adam2392/hdd/figures/fragility_maps/common_avg/ieeg/clevelandnl/nl08_ii_heatmap.png
/home/adam2392/hdd/figures/fragility_maps/common_avg/ieeg/clevelandnl/nl08_sz_3p_heatmap.png
/home/adam2392/hdd/figures/fragility_maps/common_avg/ieeg/clevelandnl/nl08_sz_1p_heatmap.png
/home/adam2392/hdd/figures/fragility_maps/common_avg/ieeg/clevelandnl/nl04_sz_3p_heatmap.png
/home/adam2392/hdd/figures/fragility_maps/common_avg/ieeg/clevelandnl/nl04_sz_6p_heatmap.png
/home/adam2392/hdd/figures/fragility_maps/common_avg/ieeg/clevelandnl/nl04_ii_heatmap.png
/home/adam2392/hdd/figures/fragility_maps/common_avg/ieeg/clevelandnl/nl04_sz_1a_heatmap.png
/home/adam2392/hdd/figures/fragility_maps/common_avg/ieeg/clevelandnl/nl01_sz_7pg_heatmap.png
/home/adam2392/hdd/figures/fragility_maps/common_avg/ieeg/clevelandnl/nl01_ii_heatmap.png
/home/adam2392/hdd/figures/fragility_maps/common_avg/ieeg/clevelandnl/nl01_sz_1p_heatmap.png
/home/adam2392/hdd/figures/fragility_maps/common_avg/ieeg/clevelandnl/nl01_sz_6pg_heatmap.png
/home/adam2392/hdd/figures/fragility_maps/common_avg/ieeg/clevelandnl/nl20_ii_heatmap.png
/home/adam2392/hdd/figures/fragility_maps/common_avg/ieeg/clevelandnl/nl20_sz_ncs_heatmap.png
/home/adam2392/hdd/figures/fragility_maps/common_avg/ieeg/clevelandnl/nl20_sz_2p_heatmap.png
/home/adam2392/hdd/figures/fragility_maps/common_avg/ieeg/clevelandnl/nl20_ncs_a7-onset_heatmap.png
/home/adam2392/hdd/figures/fragility_maps/common_avg/ieeg/clevelandnl/nl20_ncs_c6-7onset_heatmap.png
/home/adam2392/hdd/figures/fragility_maps/common_avg/ieeg/clevelandnl/nl20_sz_1p_heatmap.png
/home/adam2392/hdd/figures/fragility_maps/common_avg/ieeg/clevelandnl/nl20_sz_6p_heatmap.png
/home/adam2392/hdd/figures/fragility_maps/common_avg/ieeg/clevelandnl/nl20_sz_5p_heatmap.png
/home/adam2392/hdd/figures/fragility_maps/common_avg/ieeg/clevelandnl/nl07_ii_heatmap.png
/home/adam2392/hdd/figures/fragility_maps/common_avg/ieeg/clevelandnl/nl07_sz_5p_heatmap.png
/home/adam2392/hdd/figures/fragility_maps/common_avg/ieeg/clevelandnl/nl07_sz_9a-ncs-10p_heatmap.png
/home/adam2392/hdd/figures/fragility_maps/common_avg/ieeg/clevelandnl/nl07_sz_2a_heatmap.png
/home/adam2392/hdd/figures/fragility_maps/common_avg/ieeg/clevelandnl/nl09_sz_7p_heatmap.png
/home/adam2392/hdd/figures/fragility_maps/common_avg/ieeg/clevelandnl/nl09_sz_5p_heatmap.png
/home/adam2392/hdd/figures/fragility_maps/common_avg/ieeg/clevelandnl/nl09_sz_4p_heatmap.png
/home/adam2392/hdd/figures/fragility_maps/common_avg/ieeg/clevelandnl/nl03_ii_heatmap.png
/home/adam2392/hdd/figures/fragility_maps/common_avg/ieeg/clevelandnl/nl03_sz_5p_heatmap.png
/home/adam2392/hdd/figures/fragility_maps/common_avg/ieeg/clevelandnl/nl03_sz_7p_heatmap.png
/home/adam2392/hdd/figures/fragility_maps/common_avg/ieeg/clevelandnl/nl03_sz_15p_heatmap.png
/home/adam2392/hdd/data/processed/output_new/fragility/common_avg/ieeg/clevelandnl/nl19_sz_3pg_fragmodel.npz
/home/adam2392/hdd/data/processed/output_new/fragility/common_avg/ieeg/clevelandnl/nl19_sz_1p_fragmodel.npz
/home/adam2392/hdd/data/processed/output_new/fragility/common_avg/ieeg/clevelandnl/nl19_ii_fragmodel.npz
/home/adam2392/hdd/data/processed/output_new/fragility/common_avg/ieeg/clevelandnl/nl19_sz_2p_fragmodel.npz
/home/adam2392/hdd/data/processed/output_new/fragility/common_avg/ieeg/clevelandnl/nl11_sz_1p_fragmodel.npz
/home/adam2392/hdd/data/processed/output_new/fragility/common_avg/ieeg/clevelandnl/nl11_sz_3p_fragmodel.npz
/home/adam2392/hdd/data/processed/output_new/fragility/common_avg/ieeg/clevelandnl/nl11_ii_fragmodel.npz
/home/adam2392/hdd/data/processed/output_new/fragility/common_avg/ieeg/clevelandnl/nl11_sz_6p_fragmodel.npz
/home/adam2392/hdd/data/processed/output_new/fragility/common_avg/ieeg/clevelandnl/nl13_sz_4p_fragmodel.npz
/home/adam2392/hdd/data/processed/output_new/fragility/common_avg/ieeg/clevelandnl/nl13_sz_2p_fragmodel.npz
/home/adam2392/hdd/data/processed/output_new/fragility/common_avg/ieeg/clevelandnl/nl13_sz_7p_fragmodel.npz
/home/adam2392/hdd/data/processed/output_new/fragility/common_avg/ieeg/clevelandnl/nl13_ncs_fragmodel.npz
/home/adam2392/hdd/data/processed/output_new/fragility/common_avg/ieeg/clevelandnl/nl13_ii_fragmodel.npz
/home/adam2392/hdd/data/processed/output_new/fragility/common_avg/ieeg/clevelandnl/nl18_sz_2pg_fragmodel.npz
/home/adam2392/hdd/data/processed/output_new/fragility/common_avg/ieeg/clevelandnl/nl18_ii_fragmodel.npz
/home/adam2392/hdd/data/processed/output_new/fragility/common_avg/ieeg/clevelandnl/nl18_sz_1a_fragmodel.npz
/home/adam2392/hdd/data/processed/output_new/fragility/common_avg/ieeg/clevelandnl/nl06_sz_3p-4p_fragmodel.npz
/home/adam2392/hdd/data/processed/output_new/fragility/common_avg/ieeg/clevelandnl/nl06_sz_5a_fragmodel.npz
/home/adam2392/hdd/data/processed/output_new/fragility/common_avg/ieeg/clevelandnl/nl06_sz_1pg_fragmodel.npz
/home/adam2392/hdd/data/processed/output_new/fragility/common_avg/ieeg/clevelandnl/nl06_ii_fragmodel.npz
/home/adam2392/hdd/data/processed/output_new/fragility/common_avg/ieeg/clevelandnl/nl14_sz_2p_fragmodel.npz
/home/adam2392/hdd/data/processed/output_new/fragility/common_avg/ieeg/clevelandnl/nl14_sz_3p_fragmodel.npz
/home/adam2392/hdd/data/processed/output_new/fragility/common_avg/ieeg/clevelandnl/nl14_sz_1p_fragmodel.npz
/home/adam2392/hdd/data/processed/output_new/fragility/common_avg/ieeg/clevelandnl/nl14_sz_14p_fragmodel.npz
/home/adam2392/hdd/data/processed/output_new/fragility/common_avg/ieeg/clevelandnl/nl14_ii_fragmodel.npz
/home/adam2392/hdd/data/processed/output_new/fragility/common_avg/ieeg/clevelandnl/nl14_sz_15p_fragmodel.npz
/home/adam2392/hdd/data/processed/output_new/fragility/common_avg/ieeg/clevelandnl/nl14_sz_13p_fragmodel.npz
/home/adam2392/hdd/data/processed/output_new/fragility/common_avg/ieeg/clevelandnl/nl22_sz_4p,_5p_fragmodel.npz
/home/adam2392/hdd/data/processed/output_new/fragility/common_avg/ieeg/clevelandnl/nl22_sz_2p_fragmodel.npz
/home/adam2392/hdd/data/processed/output_new/fragility/common_avg/ieeg/clevelandnl/nl22_sz_22p_fragmodel.npz
/home/adam2392/hdd/data/processed/output_new/fragility/common_avg/ieeg/clevelandnl/nl22_sz_3p_fragmodel.npz
/home/adam2392/hdd/data/processed/output_new/fragility/common_avg/ieeg/clevelandnl/nl22_sz_10p_fragmodel.npz
/home/adam2392/hdd/data/processed/output_new/fragility/common_avg/ieeg/clevelandnl/nl22_sz_6p_fragmodel.npz
/home/adam2392/hdd/data/processed/output_new/fragility/common_avg/ieeg/clevelandnl/nl22_sz_1p_fragmodel.npz
/home/adam2392/hdd/data/processed/output_new/fragility/common_avg/ieeg/clevelandnl/nl12_sz_22p_fragmodel.npz
/home/adam2392/hdd/data/processed/output_new/fragility/common_avg/ieeg/clevelandnl/nl12_sz_6p_fragmodel.npz
/home/adam2392/hdd/data/processed/output_new/fragility/common_avg/ieeg/clevelandnl/nl12_sz_3p_fragmodel.npz
/home/adam2392/hdd/data/processed/output_new/fragility/common_avg/ieeg/clevelandnl/nl12_sz_20p_fragmodel.npz
/home/adam2392/hdd/data/processed/output_new/fragility/common_avg/ieeg/clevelandnl/nl12_ii_fragmodel.npz
/home/adam2392/hdd/data/processed/output_new/fragility/common_avg/ieeg/clevelandnl/nl12_sz_9p_fragmodel.npz
/home/adam2392/hdd/data/processed/output_new/fragility/common_avg/ieeg/clevelandnl/nl12_sz_31p_fragmodel.npz
/home/adam2392/hdd/data/processed/output_new/fragility/common_avg/ieeg/clevelandnl/nl17_sz_10p_fragmodel.npz
/home/adam2392/hdd/data/processed/output_new/fragility/common_avg/ieeg/clevelandnl/nl17_sz_8p_fragmodel.npz
/home/adam2392/hdd/data/processed/output_new/fragility/common_avg/ieeg/clevelandnl/nl17_sz_12p_fragmodel.npz
/home/adam2392/hdd/data/processed/output_new/fragility/common_avg/ieeg/clevelandnl/nl17_sz_14p_fragmodel.npz
/home/adam2392/hdd/data/processed/output_new/fragility/common_avg/ieeg/clevelandnl/nl17_sz_15p_clus_fragmodel.npz
/home/adam2392/hdd/data/processed/output_new/fragility/common_avg/ieeg/clevelandnl/nl16_ii_fragmodel.npz
/home/adam2392/hdd/data/processed/output_new/fragility/common_avg/ieeg/clevelandnl/nl16_sz_4p_fragmodel.npz
/home/adam2392/hdd/data/processed/output_new/fragility/common_avg/ieeg/clevelandnl/nl16_sz_5p_fragmodel.npz
/home/adam2392/hdd/data/processed/output_new/fragility/common_avg/ieeg/clevelandnl/nl16_sz_1p_fragmodel.npz
/home/adam2392/hdd/data/processed/output_new/fragility/common_avg/ieeg/clevelandnl/nl23_sz_5p_fragmodel.npz
/home/adam2392/hdd/data/processed/output_new/fragility/common_avg/ieeg/clevelandnl/nl23_sz_1pg_fragmodel.npz
/home/adam2392/hdd/data/processed/output_new/fragility/common_avg/ieeg/clevelandnl/nl23_sz_8p_fragmodel.npz
/home/adam2392/hdd/data/processed/output_new/fragility/common_avg/ieeg/clevelandnl/nl23_sz_7p_fragmodel.npz
/home/adam2392/hdd/data/processed/output_new/fragility/common_avg/ieeg/clevelandnl/nl23_sz_3p_fragmodel.npz
/home/adam2392/hdd/data/processed/output_new/fragility/common_avg/ieeg/clevelandnl/nl23_sz_2pg_fragmodel.npz
/home/adam2392/hdd/data/processed/output_new/fragility/common_avg/ieeg/clevelandnl/nl23_sz_9a_fragmodel.npz
/home/adam2392/hdd/data/processed/output_new/fragility/common_avg/ieeg/clevelandnl/nl23_sz_6p_fragmodel.npz
/home/adam2392/hdd/data/processed/output_new/fragility/common_avg/ieeg/clevelandnl/nl23_sz_4p_fragmodel.npz
/home/adam2392/hdd/data/processed/output_new/fragility/common_avg/ieeg/clevelandnl/nl15_ii_fragmodel.npz
/home/adam2392/hdd/data/processed/output_new/fragility/common_avg/ieeg/clevelandnl/nl15_sz_5p_fragmodel.npz
/home/adam2392/hdd/data/processed/output_new/fragility/common_avg/ieeg/clevelandnl/nl15_sz_25e_fragmodel.npz
/home/adam2392/hdd/data/processed/output_new/fragility/common_avg/ieeg/clevelandnl/nl15_sz_13p_fragmodel.npz
/home/adam2392/hdd/data/processed/output_new/fragility/common_avg/ieeg/clevelandnl/nl21_sz_1p_fragmodel.npz
/home/adam2392/hdd/data/processed/output_new/fragility/common_avg/ieeg/clevelandnl/nl21_sz_3p_fragmodel.npz
/home/adam2392/hdd/data/processed/output_new/fragility/common_avg/ieeg/clevelandnl/nl21_sz_8p_fragmodel.npz
/home/adam2392/hdd/data/processed/output_new/fragility/common_avg/ieeg/clevelandnl/nl21_sz_7p_fragmodel.npz
/home/adam2392/hdd/data/processed/output_new/fragility/common_avg/ieeg/clevelandnl/nl21_sz_4p_fragmodel.npz
/home/adam2392/hdd/data/processed/output_new/fragility/common_avg/ieeg/clevelandnl/nl21_sz_2p_fragmodel.npz
/home/adam2392/hdd/data/processed/output_new/fragility/common_avg/ieeg/clevelandnl/nl21_sz_11p_fragmodel.npz
/home/adam2392/hdd/data/processed/output_new/fragility/common_avg/ieeg/clevelandnl/nl21_sz_5p_fragmodel.npz
/home/adam2392/hdd/data/processed/output_new/fragility/common_avg/ieeg/clevelandnl/nl21_sz_9p_fragmodel.npz
/home/adam2392/hdd/data/processed/output_new/fragility/common_avg/ieeg/clevelandnl/nl21_sz_10p_fragmodel.npz
/home/adam2392/hdd/data/processed/output_new/fragility/common_avg/ieeg/clevelandnl/nl02_sz_8pg_fragmodel.npz
/home/adam2392/hdd/data/processed/output_new/fragility/common_avg/ieeg/clevelandnl/nl02_ii_asleep_fragmodel.npz
/home/adam2392/hdd/data/processed/output_new/fragility/common_avg/ieeg/clevelandnl/nl02_sz_4p_fragmodel.npz
/home/adam2392/hdd/data/processed/output_new/fragility/common_avg/ieeg/clevelandnl/nl02_sz_2p_fragmodel.npz
/home/adam2392/hdd/data/processed/output_new/fragility/common_avg/ieeg/clevelandnl/nl10_sz_15e_fragmodel.npz
/home/adam2392/hdd/data/processed/output_new/fragility/common_avg/ieeg/clevelandnl/nl10_sz_2a_fragmodel.npz
/home/adam2392/hdd/data/processed/output_new/fragility/common_avg/ieeg/clevelandnl/nl10_sz_6p_fragmodel.npz
/home/adam2392/hdd/data/processed/output_new/fragility/common_avg/ieeg/clevelandnl/nl05_ii_fragmodel.npz
/home/adam2392/hdd/data/processed/output_new/fragility/common_avg/ieeg/clevelandnl/nl05_sz_12pg_fragmodel.npz
/home/adam2392/hdd/data/processed/output_new/fragility/common_avg/ieeg/clevelandnl/nl05_sz_13p_fragmodel.npz
/home/adam2392/hdd/data/processed/output_new/fragility/common_avg/ieeg/clevelandnl/nl05_sz_4a_fragmodel.npz
/home/adam2392/hdd/data/processed/output_new/fragility/common_avg/ieeg/clevelandnl/nl08_sz_2p_fragmodel.npz
/home/adam2392/hdd/data/processed/output_new/fragility/common_avg/ieeg/clevelandnl/nl08_ii_fragmodel.npz
/home/adam2392/hdd/data/processed/output_new/fragility/common_avg/ieeg/clevelandnl/nl08_sz_3p_fragmodel.npz
/home/adam2392/hdd/data/processed/output_new/fragility/common_avg/ieeg/clevelandnl/nl08_sz_1p_fragmodel.npz
/home/adam2392/hdd/data/processed/output_new/fragility/common_avg/ieeg/clevelandnl/nl04_sz_3p_fragmodel.npz
/home/adam2392/hdd/data/processed/output_new/fragility/common_avg/ieeg/clevelandnl/nl04_sz_6p_fragmodel.npz
/home/adam2392/hdd/data/processed/output_new/fragility/common_avg/ieeg/clevelandnl/nl04_ii_fragmodel.npz
/home/adam2392/hdd/data/processed/output_new/fragility/common_avg/ieeg/clevelandnl/nl04_sz_1a_fragmodel.npz
/home/adam2392/hdd/data/processed/output_new/fragility/common_avg/ieeg/clevelandnl/nl01_sz_7pg_fragmodel.npz
/home/adam2392/hdd/data/processed/output_new/fragility/common_avg/ieeg/clevelandnl/nl01_ii_fragmodel.npz
/home/adam2392/hdd/data/processed/output_new/fragility/common_avg/ieeg/clevelandnl/nl01_sz_1p_fragmodel.npz
/home/adam2392/hdd/data/processed/output_new/fragility/common_avg/ieeg/clevelandnl/nl01_sz_6pg_fragmodel.npz
/home/adam2392/hdd/data/processed/output_new/fragility/common_avg/ieeg/clevelandnl/nl20_ii_fragmodel.npz
/home/adam2392/hdd/data/processed/output_new/fragility/common_avg/ieeg/clevelandnl/nl20_sz_ncs_fragmodel.npz
/home/adam2392/hdd/data/processed/output_new/fragility/common_avg/ieeg/clevelandnl/nl20_sz_2p_fragmodel.npz
/home/adam2392/hdd/data/processed/output_new/fragility/common_avg/ieeg/clevelandnl/nl20_ncs_a7-onset_fragmodel.npz
/home/adam2392/hdd/data/processed/output_new/fragility/common_avg/ieeg/clevelandnl/nl20_ncs_c6-7onset_fragmodel.npz
/home/adam2392/hdd/data/processed/output_new/fragility/common_avg/ieeg/clevelandnl/nl20_sz_1p_fragmodel.npz
/home/adam2392/hdd/data/processed/output_new/fragility/common_avg/ieeg/clevelandnl/nl20_sz_6p_fragmodel.npz
/home/adam2392/hdd/data/processed/output_new/fragility/common_avg/ieeg/clevelandnl/nl20_sz_5p_fragmodel.npz
/home/adam2392/hdd/data/processed/output_new/fragility/common_avg/ieeg/clevelandnl/nl07_ii_fragmodel.npz
/home/adam2392/hdd/data/processed/output_new/fragility/common_avg/ieeg/clevelandnl/nl07_sz_5p_fragmodel.npz
/home/adam2392/hdd/data/processed/output_new/fragility/common_avg/ieeg/clevelandnl/nl07_sz_9a-ncs-10p_fragmodel.npz
/home/adam2392/hdd/data/processed/output_new/fragility/common_avg/ieeg/clevelandnl/nl07_sz_2a_fragmodel.npz
/home/adam2392/hdd/data/processed/output_new/fragility/common_avg/ieeg/clevelandnl/nl09_sz_7p_fragmodel.npz
/home/adam2392/hdd/data/processed/output_new/fragility/common_avg/ieeg/clevelandnl/nl09_sz_5p_fragmodel.npz
/home/adam2392/hdd/data/processed/output_new/fragility/common_avg/ieeg/clevelandnl/nl09_sz_4p_fragmodel.npz
/home/adam2392/hdd/data/processed/output_new/fragility/common_avg/ieeg/clevelandnl/nl03_ii_fragmodel.npz
/home/adam2392/hdd/data/processed/output_new/fragility/common_avg/ieeg/clevelandnl/nl03_sz_5p_fragmodel.npz
/home/adam2392/hdd/data/processed/output_new/fragility/common_avg/ieeg/clevelandnl/nl03_sz_7p_fragmodel.npz
/home/adam2392/hdd/data/processed/output_new/fragility/common_avg/ieeg/clevelandnl/nl03_sz_15p_fragmodel.npz
/home/adam2392/hdd/data/processed/_temp/nl19_sz_3pg_frag_success.txt
/home/adam2392/hdd/data/processed/_temp/nl19_sz_1p_frag_success.txt
/home/adam2392/hdd/data/processed/_temp/nl19_ii_frag_success.txt
/home/adam2392/hdd/data/processed/_temp/nl19_sz_2p_frag_success.txt
/home/adam2392/hdd/data/processed/_temp/nl11_sz_1p_frag_success.txt
/home/adam2392/hdd/data/processed/_temp/nl11_sz_3p_frag_success.txt
/home/adam2392/hdd/data/processed/_temp/nl11_ii_frag_success.txt
/home/adam2392/hdd/data/processed/_temp/nl11_sz_6p_frag_success.txt
/home/adam2392/hdd/data/processed/_temp/nl13_sz_4p_frag_success.txt
/home/adam2392/hdd/data/processed/_temp/nl13_sz_2p_frag_success.txt
/home/adam2392/hdd/data/processed/_temp/nl13_sz_7p_frag_success.txt
/home/adam2392/hdd/data/processed/_temp/nl13_ncs_frag_success.txt
/home/adam2392/hdd/data/processed/_temp/nl13_ii_frag_success.txt
/home/adam2392/hdd/data/processed/_temp/nl18_sz_2pg_frag_success.txt
/home/adam2392/hdd/data/processed/_temp/nl18_ii_frag_success.txt
/home/adam2392/hdd/data/processed/_temp/nl18_sz_1a_frag_success.txt
/home/adam2392/hdd/data/processed/_temp/nl06_sz_3p-4p_frag_success.txt
/home/adam2392/hdd/data/processed/_temp/nl06_sz_5a_frag_success.txt
/home/adam2392/hdd/data/processed/_temp/nl06_sz_1pg_frag_success.txt
/home/adam2392/hdd/data/processed/_temp/nl06_ii_frag_success.txt
/home/adam2392/hdd/data/processed/_temp/nl14_sz_2p_frag_success.txt
/home/adam2392/hdd/data/processed/_temp/nl14_sz_3p_frag_success.txt
/home/adam2392/hdd/data/processed/_temp/nl14_sz_1p_frag_success.txt
/home/adam2392/hdd/data/processed/_temp/nl14_sz_14p_frag_success.txt
/home/adam2392/hdd/data/processed/_temp/nl14_ii_frag_success.txt
/home/adam2392/hdd/data/processed/_temp/nl14_sz_15p_frag_success.txt
/home/adam2392/hdd/data/processed/_temp/nl14_sz_13p_frag_success.txt
/home/adam2392/hdd/data/processed/_temp/nl22_sz_4p,_5p_frag_success.txt
/home/adam2392/hdd/data/processed/_temp/nl22_sz_2p_frag_success.txt
/home/adam2392/hdd/data/processed/_temp/nl22_sz_22p_frag_success.txt
/home/adam2392/hdd/data/processed/_temp/nl22_sz_3p_frag_success.txt
/home/adam2392/hdd/data/processed/_temp/nl22_sz_10p_frag_success.txt
/home/adam2392/hdd/data/processed/_temp/nl22_sz_6p_frag_success.txt
/home/adam2392/hdd/data/processed/_temp/nl22_sz_1p_frag_success.txt
/home/adam2392/hdd/data/processed/_temp/nl12_sz_22p_frag_success.txt
/home/adam2392/hdd/data/processed/_temp/nl12_sz_6p_frag_success.txt
/home/adam2392/hdd/data/processed/_temp/nl12_sz_3p_frag_success.txt
/home/adam2392/hdd/data/processed/_temp/nl12_sz_20p_frag_success.txt
/home/adam2392/hdd/data/processed/_temp/nl12_ii_frag_success.txt
/home/adam2392/hdd/data/processed/_temp/nl12_sz_9p_frag_success.txt
/home/adam2392/hdd/data/processed/_temp/nl12_sz_31p_frag_success.txt
/home/adam2392/hdd/data/processed/_temp/nl17_sz_10p_frag_success.txt
/home/adam2392/hdd/data/processed/_temp/nl17_sz_8p_frag_success.txt
/home/adam2392/hdd/data/processed/_temp/nl17_sz_12p_frag_success.txt
/home/adam2392/hdd/data/processed/_temp/nl17_sz_14p_frag_success.txt
/home/adam2392/hdd/data/processed/_temp/nl17_sz_15p_clus_frag_success.txt
/home/adam2392/hdd/data/processed/_temp/nl16_ii_frag_success.txt
/home/adam2392/hdd/data/processed/_temp/nl16_sz_4p_frag_success.txt
/home/adam2392/hdd/data/processed/_temp/nl16_sz_5p_frag_success.txt
/home/adam2392/hdd/data/processed/_temp/nl16_sz_1p_frag_success.txt
/home/adam2392/hdd/data/processed/_temp/nl23_sz_5p_frag_success.txt
/home/adam2392/hdd/data/processed/_temp/nl23_sz_1pg_frag_success.txt
/home/adam2392/hdd/data/processed/_temp/nl23_sz_8p_frag_success.txt
/home/adam2392/hdd/data/processed/_temp/nl23_sz_7p_frag_success.txt
/home/adam2392/hdd/data/processed/_temp/nl23_sz_3p_frag_success.txt
/home/adam2392/hdd/data/processed/_temp/nl23_sz_2pg_frag_success.txt
/home/adam2392/hdd/data/processed/_temp/nl23_sz_9a_frag_success.txt
/home/adam2392/hdd/data/processed/_temp/nl23_sz_6p_frag_success.txt
/home/adam2392/hdd/data/processed/_temp/nl23_sz_4p_frag_success.txt
/home/adam2392/hdd/data/processed/_temp/nl15_ii_frag_success.txt
/home/adam2392/hdd/data/processed/_temp/nl15_sz_5p_frag_success.txt
/home/adam2392/hdd/data/processed/_temp/nl15_sz_25e_frag_success.txt
/home/adam2392/hdd/data/processed/_temp/nl15_sz_13p_frag_success.txt
/home/adam2392/hdd/data/processed/_temp/nl21_sz_1p_frag_success.txt
/home/adam2392/hdd/data/processed/_temp/nl21_sz_3p_frag_success.txt
/home/adam2392/hdd/data/processed/_temp/nl21_sz_8p_frag_success.txt
/home/adam2392/hdd/data/processed/_temp/nl21_sz_7p_frag_success.txt
/home/adam2392/hdd/data/processed/_temp/nl21_sz_4p_frag_success.txt
/home/adam2392/hdd/data/processed/_temp/nl21_sz_2p_frag_success.txt
/home/adam2392/hdd/data/processed/_temp/nl21_sz_11p_frag_success.txt
/home/adam2392/hdd/data/processed/_temp/nl21_sz_5p_frag_success.txt
/home/adam2392/hdd/data/processed/_temp/nl21_sz_9p_frag_success.txt
/home/adam2392/hdd/data/processed/_temp/nl21_sz_10p_frag_success.txt
/home/adam2392/hdd/data/processed/_temp/nl02_sz_8pg_frag_success.txt
/home/adam2392/hdd/data/processed/_temp/nl02_ii_asleep_frag_success.txt
/home/adam2392/hdd/data/processed/_temp/nl02_sz_4p_frag_success.txt
/home/adam2392/hdd/data/processed/_temp/nl02_sz_2p_frag_success.txt
/home/adam2392/hdd/data/processed/_temp/nl10_sz_15e_frag_success.txt
/home/adam2392/hdd/data/processed/_temp/nl10_sz_2a_frag_success.txt
/home/adam2392/hdd/data/processed/_temp/nl10_sz_6p_frag_success.txt
/home/adam2392/hdd/data/processed/_temp/nl05_ii_frag_success.txt
/home/adam2392/hdd/data/processed/_temp/nl05_sz_12pg_frag_success.txt
/home/adam2392/hdd/data/processed/_temp/nl05_sz_13p_frag_success.txt
/home/adam2392/hdd/data/processed/_temp/nl05_sz_4a_frag_success.txt
/home/adam2392/hdd/data/processed/_temp/nl08_sz_2p_frag_success.txt
/home/adam2392/hdd/data/processed/_temp/nl08_ii_frag_success.txt
/home/adam2392/hdd/data/processed/_temp/nl08_sz_3p_frag_success.txt
/home/adam2392/hdd/data/processed/_temp/nl08_sz_1p_frag_success.txt
/home/adam2392/hdd/data/processed/_temp/nl04_sz_3p_frag_success.txt
/home/adam2392/hdd/data/processed/_temp/nl04_sz_6p_frag_success.txt
/home/adam2392/hdd/data/processed/_temp/nl04_ii_frag_success.txt
/home/adam2392/hdd/data/processed/_temp/nl04_sz_1a_frag_success.txt
/home/adam2392/hdd/data/processed/_temp/nl01_sz_7pg_frag_success.txt
/home/adam2392/hdd/data/processed/_temp/nl01_ii_frag_success.txt
/home/adam2392/hdd/data/processed/_temp/nl01_sz_1p_frag_success.txt
/home/adam2392/hdd/data/processed/_temp/nl01_sz_6pg_frag_success.txt
/home/adam2392/hdd/data/processed/_temp/nl20_ii_frag_success.txt
/home/adam2392/hdd/data/processed/_temp/nl20_sz_ncs_frag_success.txt
/home/adam2392/hdd/data/processed/_temp/nl20_sz_2p_frag_success.txt
/home/adam2392/hdd/data/processed/_temp/nl20_ncs_a7-onset_frag_success.txt
/home/adam2392/hdd/data/processed/_temp/nl20_ncs_c6-7onset_frag_success.txt
/home/adam2392/hdd/data/processed/_temp/nl20_sz_1p_frag_success.txt
/home/adam2392/hdd/data/processed/_temp/nl20_sz_6p_frag_success.txt
/home/adam2392/hdd/data/processed/_temp/nl20_sz_5p_frag_success.txt
/home/adam2392/hdd/data/processed/_temp/nl07_ii_frag_success.txt
/home/adam2392/hdd/data/processed/_temp/nl07_sz_5p_frag_success.txt
/home/adam2392/hdd/data/processed/_temp/nl07_sz_9a-ncs-10p_frag_success.txt
/home/adam2392/hdd/data/processed/_temp/nl07_sz_2a_frag_success.txt
/home/adam2392/hdd/data/processed/_temp/nl09_sz_7p_frag_success.txt
/home/adam2392/hdd/data/processed/_temp/nl09_sz_5p_frag_success.txt
/home/adam2392/hdd/data/processed/_temp/nl09_sz_4p_frag_success.txt
/home/adam2392/hdd/data/processed/_temp/nl03_ii_frag_success.txt
/home/adam2392/hdd/data/processed/_temp/nl03_sz_5p_frag_success.txt
/home/adam2392/hdd/data/processed/_temp/nl03_sz_7p_frag_success.txt
/home/adam2392/hdd/data/processed/_temp/nl03_sz_15p_frag_success.txt
